dependencies:
- name: common
  repository: oci://registry-1.docker.io/cloudpirates
  version: 2.1.0
- name: valkey
  repository: oci://registry-1.docker.io/cloudpirates
  version: 0.13.0
digest: sha256:518c1dc53e5f729db02ed2e355d3e8baebce387006e186549bb13ca4f5e38da7
generated: "2025-12-12T11:39:35.889335115Z"
